
Microsoft Visual Studio Solution File, Format Version 12.00
# Visual Studio 15
VisualStudioVersion = 15.0.27703.2026
MinimumVisualStudioVersion = 10.0.40219.1
Project("{8BC9CEB8-8B4A-11D0-8D11-00A0C91BC942}") = "Compilers", "Compilers.vcxproj", "{22C426C9-DFDB-4687-A8C9-F0B52C3C7713}"
EndProject
Global
	GlobalSection(SolutionConfigurationPlatforms) = preSolution
		Debug|x64 = Debug|x64
		Debug|x86 = Debug|x86
		Release|x64 = Release|x64
		Release|x86 = Release|x86
	EndGlobalSection
	GlobalSection(ProjectConfigurationPlatforms) = postSolution
		{22C426C9-DFDB-4687-A8C9-F0B52C3C7713}.Debug|x64.ActiveCfg = Debug|x64
		{22C426C9-DFDB-4687-A8C9-F0B52C3C7713}.Debug|x64.Build.0 = Debug|x64
		{22C426C9-DFDB-4687-A8C9-F0B52C3C7713}.Debug|x86.ActiveCfg = Debug|Win32
		{22C426C9-DFDB-4687-A8C9-F0B52C3C7713}.Debug|x86.Build.0 = Debug|Win32
		{22C426C9-DFDB-4687-A8C9-F0B52C3C7713}.Release|x64.ActiveCfg = Release|x64
		{22C426C9-DFDB-4687-A8C9-F0B52C3C7713}.Release|x64.Build.0 = Release|x64
		{22C426C9-DFDB-4687-A8C9-F0B52C3C7713}.Release|x86.ActiveCfg = Release|Win32
		{22C426C9-DFDB-4687-A8C9-F0B52C3C7713}.Release|x86.Build.0 = Release|Win32
	EndGlobalSection
	GlobalSection(SolutionProperties) = preSolution
		HideSolutionNode = FALSE
	EndGlobalSection
	GlobalSection(ExtensibilityGlobals) = postSolution
		SolutionGuid = {F5ED52B1-593B-4AE8-ADC3-7C687CC50D0A}
	EndGlobalSection
EndGlobal
